// !$*UTF8*$!
{
	archiveVersion = 1;
	classes = {
	};
	objectVersion = 77;
	objects = {

/* Begin PBXBuildFile section */
		1E54890AE02B55333860BC47 /* Pods_DouyinDemo.framework in Frameworks */ = {isa = PBXBuildFile; fileRef = 6DCC15888ACF22692AD56243 /* Pods_DouyinDemo.framework */; };
		F07E7FE92EA64540006B2C8F /* AppDelegate.swift in Sources */ = {isa = PBXBuildFile; fileRef = F07E7FE22EA64540006B2C8F /* AppDelegate.swift */; };
		F07E7FEA2EA64540006B2C8F /* SceneDelegate.swift in Sources */ = {isa = PBXBuildFile; fileRef = F07E7FE72EA64540006B2C8F /* SceneDelegate.swift */; };
		F07E7FEB2EA64540006B2C8F /* Assets.xcassets in Resources */ = {isa = PBXBuildFile; fileRef = F07E7FE32EA64540006B2C8F /* Assets.xcassets */; };
		F07E7FED2EA64540006B2C8F /* LaunchScreen.storyboard in Resources */ = {isa = PBXBuildFile; fileRef = F07E7FE62EA64540006B2C8F /* LaunchScreen.storyboard */; };
		F07E7FFB2EA64609006B2C8F /* TabBarViewController.swift in Sources */ = {isa = PBXBuildFile; fileRef = F07E7FFA2EA64609006B2C8F /* TabBarViewController.swift */; };
		F07E7FFD2EA6461E006B2C8F /* FeedRootViewController.swift in Sources */ = {isa = PBXBuildFile; fileRef = F07E7FFC2EA6461E006B2C8F /* FeedRootViewController.swift */; };
		F07E7FFF2EA64637006B2C8F /* FriendRootViewController.swift in Sources */ = {isa = PBXBuildFile; fileRef = F07E7FFE2EA64637006B2C8F /* FriendRootViewController.swift */; };
		F07E80012EA64652006B2C8F /* CameraRootViewController.swift in Sources */ = {isa = PBXBuildFile; fileRef = F07E80002EA64652006B2C8F /* CameraRootViewController.swift */; };
		F07E80032EA64668006B2C8F /* MessageRootViewController.swift in Sources */ = {isa = PBXBuildFile; fileRef = F07E80022EA64668006B2C8F /* MessageRootViewController.swift */; };
		F07E80052EA6467F006B2C8F /* ProfileRootViewController.swift in Sources */ = {isa = PBXBuildFile; fileRef = F07E80042EA6467F006B2C8F /* ProfileRootViewController.swift */; };
		F07E80072EA64BD8006B2C8F /* FeedContainerViewController.swift in Sources */ = {isa = PBXBuildFile; fileRef = F07E80062EA64BD8006B2C8F /* FeedContainerViewController.swift */; };
		F07E800A2EA71B93006B2C8F /* FeedContainerCollectionViewCell.swift in Sources */ = {isa = PBXBuildFile; fileRef = F07E80092EA71B93006B2C8F /* FeedContainerCollectionViewCell.swift */; };
		F07E800D2EA71DCE006B2C8F /* UIViewController+Douyin.swift in Sources */ = {isa = PBXBuildFile; fileRef = F07E800C2EA71DCE006B2C8F /* UIViewController+Douyin.swift */; };
		F07E800F2EA7223C006B2C8F /* UIColor+Douyin.swift in Sources */ = {isa = PBXBuildFile; fileRef = F07E800E2EA7223C006B2C8F /* UIColor+Douyin.swift */; };
		F07E80112EA72D55006B2C8F /* FeedTabView.swift in Sources */ = {isa = PBXBuildFile; fileRef = F07E80102EA72D55006B2C8F /* FeedTabView.swift */; };
/* End PBXBuildFile section */

/* Begin PBXFileReference section */
		00258F67279AEAB0F0699968 /* Pods-DouyinDemo.debug.xcconfig */ = {isa = PBXFileReference; includeInIndex = 1; lastKnownFileType = text.xcconfig; name = "Pods-DouyinDemo.debug.xcconfig"; path = "Target Support Files/Pods-DouyinDemo/Pods-DouyinDemo.debug.xcconfig"; sourceTree = "<group>"; };
		6DCC15888ACF22692AD56243 /* Pods_DouyinDemo.framework */ = {isa = PBXFileReference; explicitFileType = wrapper.framework; includeInIndex = 0; path = Pods_DouyinDemo.framework; sourceTree = BUILT_PRODUCTS_DIR; };
		93E88672A2682F405B894EA5 /* Pods-DouyinDemo.release.xcconfig */ = {isa = PBXFileReference; includeInIndex = 1; lastKnownFileType = text.xcconfig; name = "Pods-DouyinDemo.release.xcconfig"; path = "Target Support Files/Pods-DouyinDemo/Pods-DouyinDemo.release.xcconfig"; sourceTree = "<group>"; };
		F07E7FE22EA64540006B2C8F /* AppDelegate.swift */ = {isa = PBXFileReference; lastKnownFileType = sourcecode.swift; path = AppDelegate.swift; sourceTree = "<group>"; };
		F07E7FE32EA64540006B2C8F /* Assets.xcassets */ = {isa = PBXFileReference; lastKnownFileType = folder.assetcatalog; path = Assets.xcassets; sourceTree = "<group>"; };
		F07E7FE42EA64540006B2C8F /* Info.plist */ = {isa = PBXFileReference; lastKnownFileType = text.plist.xml; path = Info.plist; sourceTree = "<group>"; };
		F07E7FE52EA64540006B2C8F /* Base */ = {isa = PBXFileReference; lastKnownFileType = file.storyboard; name = Base; path = Base.lproj/LaunchScreen.storyboard; sourceTree = "<group>"; };
		F07E7FE72EA64540006B2C8F /* SceneDelegate.swift */ = {isa = PBXFileReference; lastKnownFileType = sourcecode.swift; path = SceneDelegate.swift; sourceTree = "<group>"; };
		F07E7FFA2EA64609006B2C8F /* TabBarViewController.swift */ = {isa = PBXFileReference; lastKnownFileType = sourcecode.swift; path = TabBarViewController.swift; sourceTree = "<group>"; };
		F07E7FFC2EA6461E006B2C8F /* FeedRootViewController.swift */ = {isa = PBXFileReference; lastKnownFileType = sourcecode.swift; path = FeedRootViewController.swift; sourceTree = "<group>"; };
		F07E7FFE2EA64637006B2C8F /* FriendRootViewController.swift */ = {isa = PBXFileReference; lastKnownFileType = sourcecode.swift; path = FriendRootViewController.swift; sourceTree = "<group>"; };
		F07E80002EA64652006B2C8F /* CameraRootViewController.swift */ = {isa = PBXFileReference; lastKnownFileType = sourcecode.swift; path = CameraRootViewController.swift; sourceTree = "<group>"; };
		F07E80022EA64668006B2C8F /* MessageRootViewController.swift */ = {isa = PBXFileReference; lastKnownFileType = sourcecode.swift; path = MessageRootViewController.swift; sourceTree = "<group>"; };
		F07E80042EA6467F006B2C8F /* ProfileRootViewController.swift */ = {isa = PBXFileReference; lastKnownFileType = sourcecode.swift; path = ProfileRootViewController.swift; sourceTree = "<group>"; };
		F07E80062EA64BD8006B2C8F /* FeedContainerViewController.swift */ = {isa = PBXFileReference; lastKnownFileType = sourcecode.swift; path = FeedContainerViewController.swift; sourceTree = "<group>"; };
		F07E80092EA71B93006B2C8F /* FeedContainerCollectionViewCell.swift */ = {isa = PBXFileReference; lastKnownFileType = sourcecode.swift; path = FeedContainerCollectionViewCell.swift; sourceTree = "<group>"; };
		F07E800C2EA71DCE006B2C8F /* UIViewController+Douyin.swift */ = {isa = PBXFileReference; lastKnownFileType = sourcecode.swift; path = "UIViewController+Douyin.swift"; sourceTree = "<group>"; };
		F07E800E2EA7223C006B2C8F /* UIColor+Douyin.swift */ = {isa = PBXFileReference; lastKnownFileType = sourcecode.swift; path = "UIColor+Douyin.swift"; sourceTree = "<group>"; };
		F07E80102EA72D55006B2C8F /* FeedTabView.swift */ = {isa = PBXFileReference; lastKnownFileType = sourcecode.swift; path = FeedTabView.swift; sourceTree = "<group>"; };
		F0CD4ADD2EA62FD200ABA4C4 /* DouyinDemo.app */ = {isa = PBXFileReference; explicitFileType = wrapper.application; includeInIndex = 0; path = DouyinDemo.app; sourceTree = BUILT_PRODUCTS_DIR; };
/* End PBXFileReference section */

/* Begin PBXFrameworksBuildPhase section */
		F0CD4ADA2EA62FD200ABA4C4 /* Frameworks */ = {
			isa = PBXFrameworksBuildPhase;
			buildActionMask = 2147483647;
			files = (
				1E54890AE02B55333860BC47 /* Pods_DouyinDemo.framework in Frameworks */,
			);
			runOnlyForDeploymentPostprocessing = 0;
		};
/* End PBXFrameworksBuildPhase section */

/* Begin PBXGroup section */
		245CCCB8BCD837ED11D23AB1 /* Frameworks */ = {
			isa = PBXGroup;
			children = (
				6DCC15888ACF22692AD56243 /* Pods_DouyinDemo.framework */,
			);
			name = Frameworks;
			sourceTree = "<group>";
		};
		9592D212EC7B3EC469A495C0 /* Pods */ = {
			isa = PBXGroup;
			children = (
				00258F67279AEAB0F0699968 /* Pods-DouyinDemo.debug.xcconfig */,
				93E88672A2682F405B894EA5 /* Pods-DouyinDemo.release.xcconfig */,
			);
			path = Pods;
			sourceTree = "<group>";
		};
		F07E7FE82EA64540006B2C8F /* DouyinDemo */ = {
			isa = PBXGroup;
			children = (
				F07E800B2EA71D94006B2C8F /* Utils */,
				F07E7FF32EA6458E006B2C8F /* Profile */,
				F07E7FF22EA64588006B2C8F /* Message */,
				F07E7FF12EA64582006B2C8F /* Camera */,
				F07E7FF02EA6457A006B2C8F /* Friend */,
				F07E7FEF2EA64573006B2C8F /* Feed */,
				F07E7FEE2EA6456B006B2C8F /* Tab */,
				F07E7FE22EA64540006B2C8F /* AppDelegate.swift */,
				F07E7FE32EA64540006B2C8F /* Assets.xcassets */,
				F07E7FE42EA64540006B2C8F /* Info.plist */,
				F07E7FE62EA64540006B2C8F /* LaunchScreen.storyboard */,
				F07E7FE72EA64540006B2C8F /* SceneDelegate.swift */,
			);
			path = DouyinDemo;
			sourceTree = "<group>";
		};
		F07E7FEE2EA6456B006B2C8F /* Tab */ = {
			isa = PBXGroup;
			children = (
				F07E7FF42EA64595006B2C8F /* ViewControllers */,
			);
			path = Tab;
			sourceTree = "<group>";
		};
		F07E7FEF2EA64573006B2C8F /* Feed */ = {
			isa = PBXGroup;
			children = (
				F07E80082EA71B5E006B2C8F /* Views */,
				F07E7FF52EA645AA006B2C8F /* ViewControllers */,
			);
			path = Feed;
			sourceTree = "<group>";
		};
		F07E7FF02EA6457A006B2C8F /* Friend */ = {
			isa = PBXGroup;
			children = (
				F07E7FF62EA645AD006B2C8F /* ViewControllers */,
			);
			path = Friend;
			sourceTree = "<group>";
		};
		F07E7FF12EA64582006B2C8F /* Camera */ = {
			isa = PBXGroup;
			children = (
				F07E7FF72EA645B0006B2C8F /* ViewControllers */,
			);
			path = Camera;
			sourceTree = "<group>";
		};
		F07E7FF22EA64588006B2C8F /* Message */ = {
			isa = PBXGroup;
			children = (
				F07E7FF82EA645B2006B2C8F /* ViewControllers */,
			);
			path = Message;
			sourceTree = "<group>";
		};
		F07E7FF32EA6458E006B2C8F /* Profile */ = {
			isa = PBXGroup;
			children = (
				F07E7FF92EA645B4006B2C8F /* ViewControllers */,
			);
			path = Profile;
			sourceTree = "<group>";
		};
		F07E7FF42EA64595006B2C8F /* ViewControllers */ = {
			isa = PBXGroup;
			children = (
				F07E7FFA2EA64609006B2C8F /* TabBarViewController.swift */,
			);
			path = ViewControllers;
			sourceTree = "<group>";
		};
		F07E7FF52EA645AA006B2C8F /* ViewControllers */ = {
			isa = PBXGroup;
			children = (
				F07E7FFC2EA6461E006B2C8F /* FeedRootViewController.swift */,
				F07E80062EA64BD8006B2C8F /* FeedContainerViewController.swift */,
			);
			path = ViewControllers;
			sourceTree = "<group>";
		};
		F07E7FF62EA645AD006B2C8F /* ViewControllers */ = {
			isa = PBXGroup;
			children = (
				F07E7FFE2EA64637006B2C8F /* FriendRootViewController.swift */,
			);
			path = ViewControllers;
			sourceTree = "<group>";
		};
		F07E7FF72EA645B0006B2C8F /* ViewControllers */ = {
			isa = PBXGroup;
			children = (
				F07E80002EA64652006B2C8F /* CameraRootViewController.swift */,
			);
			path = ViewControllers;
			sourceTree = "<group>";
		};
		F07E7FF82EA645B2006B2C8F /* ViewControllers */ = {
			isa = PBXGroup;
			children = (
				F07E80022EA64668006B2C8F /* MessageRootViewController.swift */,
			);
			path = ViewControllers;
			sourceTree = "<group>";
		};
		F07E7FF92EA645B4006B2C8F /* ViewControllers */ = {
			isa = PBXGroup;
			children = (
				F07E80042EA6467F006B2C8F /* ProfileRootViewController.swift */,
			);
			path = ViewControllers;
			sourceTree = "<group>";
		};
		F07E80082EA71B5E006B2C8F /* Views */ = {
			isa = PBXGroup;
			children = (
				F07E80092EA71B93006B2C8F /* FeedContainerCollectionViewCell.swift */,
				F07E80102EA72D55006B2C8F /* FeedTabView.swift */,
			);
			path = Views;
			sourceTree = "<group>";
		};
		F07E800B2EA71D94006B2C8F /* Utils */ = {
			isa = PBXGroup;
			children = (
				F07E800C2EA71DCE006B2C8F /* UIViewController+Douyin.swift */,
				F07E800E2EA7223C006B2C8F /* UIColor+Douyin.swift */,
			);
			path = Utils;
			sourceTree = "<group>";
		};
		F0CD4AD42EA62FD200ABA4C4 = {
			isa = PBXGroup;
			children = (
				F07E7FE82EA64540006B2C8F /* DouyinDemo */,
				F0CD4ADE2EA62FD200ABA4C4 /* Products */,
				9592D212EC7B3EC469A495C0 /* Pods */,
				245CCCB8BCD837ED11D23AB1 /* Frameworks */,
			);
			sourceTree = "<group>";
		};
		F0CD4ADE2EA62FD200ABA4C4 /* Products */ = {
			isa = PBXGroup;
			children = (
				F0CD4ADD2EA62FD200ABA4C4 /* DouyinDemo.app */,
			);
			name = Products;
			sourceTree = "<group>";
		};
/* End PBXGroup section */

/* Begin PBXNativeTarget section */
		F0CD4ADC2EA62FD200ABA4C4 /* DouyinDemo */ = {
			isa = PBXNativeTarget;
			buildConfigurationList = F0CD4AF02EA62FD300ABA4C4 /* Build configuration list for PBXNativeTarget "DouyinDemo" */;
			buildPhases = (
				536E3AEFFAD0C1EEDAAD5BD3 /* [CP] Check Pods Manifest.lock */,
				F0CD4AD92EA62FD200ABA4C4 /* Sources */,
				F0CD4ADA2EA62FD200ABA4C4 /* Frameworks */,
				F0CD4ADB2EA62FD200ABA4C4 /* Resources */,
				95EB287F282778AE89775149 /* [CP] Embed Pods Frameworks */,
			);
			buildRules = (
			);
			dependencies = (
			);
			name = DouyinDemo;
			productName = DouyinDemo;
			productReference = F0CD4ADD2EA62FD200ABA4C4 /* DouyinDemo.app */;
			productType = "com.apple.product-type.application";
		};
/* End PBXNativeTarget section */

/* Begin PBXProject section */
		F0CD4AD52EA62FD200ABA4C4 /* Project object */ = {
			isa = PBXProject;
			attributes = {
				BuildIndependentTargetsInParallel = 1;
				LastSwiftUpdateCheck = 2600;
				LastUpgradeCheck = 2600;
				TargetAttributes = {
					F0CD4ADC2EA62FD200ABA4C4 = {
						CreatedOnToolsVersion = 26.0.1;
					};
				};
			};
			buildConfigurationList = F0CD4AD82EA62FD200ABA4C4 /* Build configuration list for PBXProject "DouyinDemo" */;
			developmentRegion = en;
			hasScannedForEncodings = 0;
			knownRegions = (
				en,
				Base,
			);
			mainGroup = F0CD4AD42EA62FD200ABA4C4;
			minimizedProjectReferenceProxies = 1;
			preferredProjectObjectVersion = 77;
			productRefGroup = F0CD4ADE2EA62FD200ABA4C4 /* Products */;
			projectDirPath = "";
			projectRoot = "";
			targets = (
				F0CD4ADC2EA62FD200ABA4C4 /* DouyinDemo */,
			);
		};
/* End PBXProject section */

/* Begin PBXResourcesBuildPhase section */
		F0CD4ADB2EA62FD200ABA4C4 /* Resources */ = {
			isa = PBXResourcesBuildPhase;
			buildActionMask = 2147483647;
			files = (
				F07E7FEB2EA64540006B2C8F /* Assets.xcassets in Resources */,
				F07E7FED2EA64540006B2C8F /* LaunchScreen.storyboard in Resources */,
			);
			runOnlyForDeploymentPostprocessing = 0;
		};
/* End PBXResourcesBuildPhase section */

/* Begin PBXShellScriptBuildPhase section */
		536E3AEFFAD0C1EEDAAD5BD3 /* [CP] Check Pods Manifest.lock */ = {
			isa = PBXShellScriptBuildPhase;
			buildActionMask = 2147483647;
			files = (
			);
			inputFileListPaths = (
			);
			inputPaths = (
				"${PODS_PODFILE_DIR_PATH}/Podfile.lock",
				"${PODS_ROOT}/Manifest.lock",
			);
			name = "[CP] Check Pods Manifest.lock";
			outputFileListPaths = (
			);
			outputPaths = (
				"$(DERIVED_FILE_DIR)/Pods-DouyinDemo-checkManifestLockResult.txt",
			);
			runOnlyForDeploymentPostprocessing = 0;
			shellPath = /bin/sh;
			shellScript = "diff \"${PODS_PODFILE_DIR_PATH}/Podfile.lock\" \"${PODS_ROOT}/Manifest.lock\" > /dev/null\nif [ $? != 0 ] ; then\n    # print error to STDERR\n    echo \"error: The sandbox is not in sync with the Podfile.lock. Run 'pod install' or update your CocoaPods installation.\" >&2\n    exit 1\nfi\n# This output is used by Xcode 'outputs' to avoid re-running this script phase.\necho \"SUCCESS\" > \"${SCRIPT_OUTPUT_FILE_0}\"\n";
			showEnvVarsInLog = 0;
		};
		95EB287F282778AE89775149 /* [CP] Embed Pods Frameworks */ = {
			isa = PBXShellScriptBuildPhase;
			buildActionMask = 2147483647;
			files = (
			);
			inputFileListPaths = (
				"${PODS_ROOT}/Target Support Files/Pods-DouyinDemo/Pods-DouyinDemo-frameworks-${CONFIGURATION}-input-files.xcfilelist",
			);
			inputPaths = (
			);
			name = "[CP] Embed Pods Frameworks";
			outputFileListPaths = (
				"${PODS_ROOT}/Target Support Files/Pods-DouyinDemo/Pods-DouyinDemo-frameworks-${CONFIGURATION}-output-files.xcfilelist",
			);
			outputPaths = (
			);
			runOnlyForDeploymentPostprocessing = 0;
			shellPath = /bin/sh;
			shellScript = "\"${PODS_ROOT}/Target Support Files/Pods-DouyinDemo/Pods-DouyinDemo-frameworks.sh\"\n";
			showEnvVarsInLog = 0;
		};
/* End PBXShellScriptBuildPhase section */

/* Begin PBXSourcesBuildPhase section */
		F0CD4AD92EA62FD200ABA4C4 /* Sources */ = {
			isa = PBXSourcesBuildPhase;
			buildActionMask = 2147483647;
			files = (
				F07E7FFF2EA64637006B2C8F /* FriendRootViewController.swift in Sources */,
				F07E80032EA64668006B2C8F /* MessageRootViewController.swift in Sources */,
				F07E7FE92EA64540006B2C8F /* AppDelegate.swift in Sources */,
				F07E7FFB2EA64609006B2C8F /* TabBarViewController.swift in Sources */,
				F07E800D2EA71DCE006B2C8F /* UIViewController+Douyin.swift in Sources */,
				F07E80072EA64BD8006B2C8F /* FeedContainerViewController.swift in Sources */,
				F07E80012EA64652006B2C8F /* CameraRootViewController.swift in Sources */,
				F07E7FFD2EA6461E006B2C8F /* FeedRootViewController.swift in Sources */,
				F07E80052EA6467F006B2C8F /* ProfileRootViewController.swift in Sources */,
				F07E800A2EA71B93006B2C8F /* FeedContainerCollectionViewCell.swift in Sources */,
				F07E7FEA2EA64540006B2C8F /* SceneDelegate.swift in Sources */,
				F07E800F2EA7223C006B2C8F /* UIColor+Douyin.swift in Sources */,
				F07E80112EA72D55006B2C8F /* FeedTabView.swift in Sources */,
			);
			runOnlyForDeploymentPostprocessing = 0;
		};
/* End PBXSourcesBuildPhase section */

/* Begin PBXVariantGroup section */
		F07E7FE62EA64540006B2C8F /* LaunchScreen.storyboard */ = {
			isa = PBXVariantGroup;
			children = (
				F07E7FE52EA64540006B2C8F /* Base */,
			);
			name = LaunchScreen.storyboard;
			sourceTree = "<group>";
		};
/* End PBXVariantGroup section */

/* Begin XCBuildConfiguration section */
		F0CD4AF12EA62FD300ABA4C4 /* Debug */ = {
			isa = XCBuildConfiguration;
			baseConfigurationReference = 00258F67279AEAB0F0699968 /* Pods-DouyinDemo.debug.xcconfig */;
			buildSettings = {
				ASSETCATALOG_COMPILER_APPICON_NAME = AppIcon;
				ASSETCATALOG_COMPILER_GLOBAL_ACCENT_COLOR_NAME = AccentColor;
				CODE_SIGN_STYLE = Automatic;
				CURRENT_PROJECT_VERSION = 1;
				GENERATE_INFOPLIST_FILE = YES;
				INFOPLIST_FILE = DouyinDemo/Info.plist;
				INFOPLIST_KEY_UIApplicationSupportsIndirectInputEvents = YES;
				INFOPLIST_KEY_UILaunchStoryboardName = LaunchScreen;
				INFOPLIST_KEY_UISupportedInterfaceOrientations_iPad = "UIInterfaceOrientationPortrait UIInterfaceOrientationPortraitUpsideDown UIInterfaceOrientationLandscapeLeft UIInterfaceOrientationLandscapeRight";
				INFOPLIST_KEY_UISupportedInterfaceOrientations_iPhone = "UIInterfaceOrientationPortrait UIInterfaceOrientationLandscapeLeft UIInterfaceOrientationLandscapeRight";
				LD_RUNPATH_SEARCH_PATHS = (
					"$(inherited)",
					"@executable_path/Frameworks",
				);
				MARKETING_VERSION = 1.0;
				PRODUCT_BUNDLE_IDENTIFIER = com.test.DouyinDemo;
				PRODUCT_NAME = "$(TARGET_NAME)";
				STRING_CATALOG_GENERATE_SYMBOLS = YES;
				SUPPORTED_PLATFORMS = "iphoneos iphonesimulator";
				SUPPORTS_MACCATALYST = NO;
				SUPPORTS_MAC_DESIGNED_FOR_IPHONE_IPAD = NO;
				SUPPORTS_XR_DESIGNED_FOR_IPHONE_IPAD = NO;
				SWIFT_APPROACHABLE_CONCURRENCY = YES;
				SWIFT_DEFAULT_ACTOR_ISOLATION = MainActor;
				SWIFT_EMIT_LOC_STRINGS = YES;
				SWIFT_UPCOMING_FEATURE_MEMBER_IMPORT_VISIBILITY = YES;
				SWIFT_VERSION = 5.0;
				TARGETED_DEVICE_FAMILY = "1,2";
			};
			name = Debug;
		};
		F0CD4AF22EA62FD300ABA4C4 /* Release */ = {
			isa = XCBuildConfiguration;
			baseConfigurationReference = 93E88672A2682F405B894EA5 /* Pods-DouyinDemo.release.xcconfig */;
			buildSettings = {
				ASSETCATALOG_COMPILER_APPICON_NAME = AppIcon;
				ASSETCATALOG_COMPILER_GLOBAL_ACCENT_COLOR_NAME = AccentColor;
				CODE_SIGN_STYLE = Automatic;
				CURRENT_PROJECT_VERSION = 1;
				GENERATE_INFOPLIST_FILE = YES;
				INFOPLIST_FILE = DouyinDemo/Info.plist;
				INFOPLIST_KEY_UIApplicationSupportsIndirectInputEvents = YES;
				INFOPLIST_KEY_UILaunchStoryboardName = LaunchScreen;
				INFOPLIST_KEY_UISupportedInterfaceOrientations_iPad = "UIInterfaceOrientationPortrait UIInterfaceOrientationPortraitUpsideDown UIInterfaceOrientationLandscapeLeft UIInterfaceOrientationLandscapeRight";
				INFOPLIST_KEY_UISupportedInterfaceOrientations_iPhone = "UIInterfaceOrientationPortrait UIInterfaceOrientationLandscapeLeft UIInterfaceOrientationLandscapeRight";
				LD_RUNPATH_SEARCH_PATHS = (
					"$(inherited)",
					"@executable_path/Frameworks",
				);
				MARKETING_VERSION = 1.0;
				PRODUCT_BUNDLE_IDENTIFIER = com.test.DouyinDemo;
				PRODUCT_NAME = "$(TARGET_NAME)";
				STRING_CATALOG_GENERATE_SYMBOLS = YES;
				SUPPORTED_PLATFORMS = "iphoneos iphonesimulator";
				SUPPORTS_MACCATALYST = NO;
				SUPPORTS_MAC_DESIGNED_FOR_IPHONE_IPAD = NO;
				SUPPORTS_XR_DESIGNED_FOR_IPHONE_IPAD = NO;
				SWIFT_APPROACHABLE_CONCURRENCY = YES;
				SWIFT_DEFAULT_ACTOR_ISOLATION = MainActor;
				SWIFT_EMIT_LOC_STRINGS = YES;
				SWIFT_UPCOMING_FEATURE_MEMBER_IMPORT_VISIBILITY = YES;
				SWIFT_VERSION = 5.0;
				TARGETED_DEVICE_FAMILY = "1,2";
			};
			name = Release;
		};
		F0CD4AF32EA62FD300ABA4C4 /* Debug */ = {
			isa = XCBuildConfiguration;
			buildSettings = {
				ALWAYS_SEARCH_USER_PATHS = NO;
				ASSETCATALOG_COMPILER_GENERATE_SWIFT_ASSET_SYMBOL_EXTENSIONS = YES;
				CLANG_ANALYZER_NONNULL = YES;
				CLANG_ANALYZER_NUMBER_OBJECT_CONVERSION = YES_AGGRESSIVE;
				CLANG_CXX_LANGUAGE_STANDARD = "gnu++20";
				CLANG_ENABLE_MODULES = YES;
				CLANG_ENABLE_OBJC_ARC = YES;
				CLANG_ENABLE_OBJC_WEAK = YES;
				CLANG_WARN_BLOCK_CAPTURE_AUTORELEASING = YES;
				CLANG_WARN_BOOL_CONVERSION = YES;
				CLANG_WARN_COMMA = YES;
				CLANG_WARN_CONSTANT_CONVERSION = YES;
				CLANG_WARN_DEPRECATED_OBJC_IMPLEMENTATIONS = YES;
				CLANG_WARN_DIRECT_OBJC_ISA_USAGE = YES_ERROR;
				CLANG_WARN_DOCUMENTATION_COMMENTS = YES;
				CLANG_WARN_EMPTY_BODY = YES;
				CLANG_WARN_ENUM_CONVERSION = YES;
				CLANG_WARN_INFINITE_RECURSION = YES;
				CLANG_WARN_INT_CONVERSION = YES;
				CLANG_WARN_NON_LITERAL_NULL_CONVERSION = YES;
				CLANG_WARN_OBJC_IMPLICIT_RETAIN_SELF = YES;
				CLANG_WARN_OBJC_LITERAL_CONVERSION = YES;
				CLANG_WARN_OBJC_ROOT_CLASS = YES_ERROR;
				CLANG_WARN_QUOTED_INCLUDE_IN_FRAMEWORK_HEADER = YES;
				CLANG_WARN_RANGE_LOOP_ANALYSIS = YES;
				CLANG_WARN_STRICT_PROTOTYPES = YES;
				CLANG_WARN_SUSPICIOUS_MOVE = YES;
				CLANG_WARN_UNGUARDED_AVAILABILITY = YES_AGGRESSIVE;
				CLANG_WARN_UNREACHABLE_CODE = YES;
				CLANG_WARN__DUPLICATE_METHOD_MATCH = YES;
				COPY_PHASE_STRIP = NO;
				DEBUG_INFORMATION_FORMAT = dwarf;
				ENABLE_STRICT_OBJC_MSGSEND = YES;
				ENABLE_TESTABILITY = YES;
				ENABLE_USER_SCRIPT_SANDBOXING = NO;
				GCC_C_LANGUAGE_STANDARD = gnu17;
				GCC_DYNAMIC_NO_PIC = NO;
				GCC_NO_COMMON_BLOCKS = YES;
				GCC_OPTIMIZATION_LEVEL = 0;
				GCC_PREPROCESSOR_DEFINITIONS = (
					"DEBUG=1",
					"$(inherited)",
				);
				GCC_WARN_64_TO_32_BIT_CONVERSION = YES;
				GCC_WARN_ABOUT_RETURN_TYPE = YES_ERROR;
				GCC_WARN_UNDECLARED_SELECTOR = YES;
				GCC_WARN_UNINITIALIZED_AUTOS = YES_AGGRESSIVE;
				GCC_WARN_UNUSED_FUNCTION = YES;
				GCC_WARN_UNUSED_VARIABLE = YES;
				IPHONEOS_DEPLOYMENT_TARGET = 26.0;
				LOCALIZATION_PREFERS_STRING_CATALOGS = YES;
				MTL_ENABLE_DEBUG_INFO = INCLUDE_SOURCE;
				MTL_FAST_MATH = YES;
				ONLY_ACTIVE_ARCH = YES;
				SDKROOT = iphoneos;
				SWIFT_ACTIVE_COMPILATION_CONDITIONS = "DEBUG $(inherited)";
				SWIFT_OPTIMIZATION_LEVEL = "-Onone";
			};
			name = Debug;
		};
		F0CD4AF42EA62FD300ABA4C4 /* Release */ = {
			isa = XCBuildConfiguration;
			buildSettings = {
				ALWAYS_SEARCH_USER_PATHS = NO;
				ASSETCATALOG_COMPILER_GENERATE_SWIFT_ASSET_SYMBOL_EXTENSIONS = YES;
				CLANG_ANALYZER_NONNULL = YES;
				CLANG_ANALYZER_NUMBER_OBJECT_CONVERSION = YES_AGGRESSIVE;
				CLANG_CXX_LANGUAGE_STANDARD = "gnu++20";
				CLANG_ENABLE_MODULES = YES;
				CLANG_ENABLE_OBJC_ARC = YES;
				CLANG_ENABLE_OBJC_WEAK = YES;
				CLANG_WARN_BLOCK_CAPTURE_AUTORELEASING = YES;
				CLANG_WARN_BOOL_CONVERSION = YES;
				CLANG_WARN_COMMA = YES;
				CLANG_WARN_CONSTANT_CONVERSION = YES;
				CLANG_WARN_DEPRECATED_OBJC_IMPLEMENTATIONS = YES;
				CLANG_WARN_DIRECT_OBJC_ISA_USAGE = YES_ERROR;
				CLANG_WARN_DOCUMENTATION_COMMENTS = YES;
				CLANG_WARN_EMPTY_BODY = YES;
				CLANG_WARN_ENUM_CONVERSION = YES;
				CLANG_WARN_INFINITE_RECURSION = YES;
				CLANG_WARN_INT_CONVERSION = YES;
				CLANG_WARN_NON_LITERAL_NULL_CONVERSION = YES;
				CLANG_WARN_OBJC_IMPLICIT_RETAIN_SELF = YES;
				CLANG_WARN_OBJC_LITERAL_CONVERSION = YES;
				CLANG_WARN_OBJC_ROOT_CLASS = YES_ERROR;
				CLANG_WARN_QUOTED_INCLUDE_IN_FRAMEWORK_HEADER = YES;
				CLANG_WARN_RANGE_LOOP_ANALYSIS = YES;
				CLANG_WARN_STRICT_PROTOTYPES = YES;
				CLANG_WARN_SUSPICIOUS_MOVE = YES;
				CLANG_WARN_UNGUARDED_AVAILABILITY = YES_AGGRESSIVE;
				CLANG_WARN_UNREACHABLE_CODE = YES;
				CLANG_WARN__DUPLICATE_METHOD_MATCH = YES;
				COPY_PHASE_STRIP = NO;
				DEBUG_INFORMATION_FORMAT = "dwarf-with-dsym";
				ENABLE_NS_ASSERTIONS = NO;
				ENABLE_STRICT_OBJC_MSGSEND = YES;
				ENABLE_USER_SCRIPT_SANDBOXING = NO;
				GCC_C_LANGUAGE_STANDARD = gnu17;
				GCC_NO_COMMON_BLOCKS = YES;
				GCC_WARN_64_TO_32_BIT_CONVERSION = YES;
				GCC_WARN_ABOUT_RETURN_TYPE = YES_ERROR;
				GCC_WARN_UNDECLARED_SELECTOR = YES;
				GCC_WARN_UNINITIALIZED_AUTOS = YES_AGGRESSIVE;
				GCC_WARN_UNUSED_FUNCTION = YES;
				GCC_WARN_UNUSED_VARIABLE = YES;
				IPHONEOS_DEPLOYMENT_TARGET = 26.0;
				LOCALIZATION_PREFERS_STRING_CATALOGS = YES;
				MTL_ENABLE_DEBUG_INFO = NO;
				MTL_FAST_MATH = YES;
				SDKROOT = iphoneos;
				SWIFT_COMPILATION_MODE = wholemodule;
				VALIDATE_PRODUCT = YES;
			};
			name = Release;
		};
/* End XCBuildConfiguration section */

/* Begin XCConfigurationList section */
		F0CD4AD82EA62FD200ABA4C4 /* Build configuration list for PBXProject "DouyinDemo" */ = {
			isa = XCConfigurationList;
			buildConfigurations = (
				F0CD4AF32EA62FD300ABA4C4 /* Debug */,
				F0CD4AF42EA62FD300ABA4C4 /* Release */,
			);
			defaultConfigurationIsVisible = 0;
			defaultConfigurationName = Release;
		};
		F0CD4AF02EA62FD300ABA4C4 /* Build configuration list for PBXNativeTarget "DouyinDemo" */ = {
			isa = XCConfigurationList;
			buildConfigurations = (
				F0CD4AF12EA62FD300ABA4C4 /* Debug */,
				F0CD4AF22EA62FD300ABA4C4 /* Release */,
			);
			defaultConfigurationIsVisible = 0;
			defaultConfigurationName = Release;
		};
/* End XCConfigurationList section */
	};
	rootObject = F0CD4AD52EA62FD200ABA4C4 /* Project object */;
}
